// !$*UTF8*$!
{
	archiveVersion = 1;
	classes = {
	};
	objectVersion = 48;
	objects = {

/* Begin PBXBuildFile section */
		BEA64AD91F84B24D00E7D48F /* AppDelegate.swift in Sources */ = {isa = PBXBuildFile; fileRef = BEA64AD81F84B24D00E7D48F /* AppDelegate.swift */; };
		BEA64ADB1F84B24D00E7D48F /* art.scnassets in Resources */ = {isa = PBXBuildFile; fileRef = BEA64ADA1F84B24D00E7D48F /* art.scnassets */; };
		BEA64ADD1F84B24D00E7D48F /* ViewController.swift in Sources */ = {isa = PBXBuildFile; fileRef = BEA64ADC1F84B24D00E7D48F /* ViewController.swift */; };
		BEA64AE01F84B24D00E7D48F /* Main.storyboard in Resources */ = {isa = PBXBuildFile; fileRef = BEA64ADE1F84B24D00E7D48F /* Main.storyboard */; };
		BEA64AE21F84B24D00E7D48F /* Assets.xcassets in Resources */ = {isa = PBXBuildFile; fileRef = BEA64AE11F84B24D00E7D48F /* Assets.xcassets */; };
		BEA64AE51F84B24D00E7D48F /* LaunchScreen.storyboard in Resources */ = {isa = PBXBuildFile; fileRef = BEA64AE31F84B24D00E7D48F /* LaunchScreen.storyboard */; };
		BEA64AEF1F89FD7500E7D48F /* PlaneNode.swift in Sources */ = {isa = PBXBuildFile; fileRef = BEA64AEE1F89FD7500E7D48F /* PlaneNode.swift */; };
/* End PBXBuildFile section */

/* Begin PBXFileReference section */
		BEA64AD51F84B24D00E7D48F /* monkey.app */ = {isa = PBXFileReference; explicitFileType = wrapper.application; includeInIndex = 0; path = monkey.app; sourceTree = BUILT_PRODUCTS_DIR; };
		BEA64AD81F84B24D00E7D48F /* AppDelegate.swift */ = {isa = PBXFileReference; lastKnownFileType = sourcecode.swift; path = AppDelegate.swift; sourceTree = "<group>"; };
		BEA64ADA1F84B24D00E7D48F /* art.scnassets */ = {isa = PBXFileReference; lastKnownFileType = wrapper.scnassets; path = art.scnassets; sourceTree = "<group>"; };
		BEA64ADC1F84B24D00E7D48F /* ViewController.swift */ = {isa = PBXFileReference; lastKnownFileType = sourcecode.swift; path = ViewController.swift; sourceTree = "<group>"; };
		BEA64ADF1F84B24D00E7D48F /* Base */ = {isa = PBXFileReference; lastKnownFileType = file.storyboard; name = Base; path = Base.lproj/Main.storyboard; sourceTree = "<group>"; };
		BEA64AE11F84B24D00E7D48F /* Assets.xcassets */ = {isa = PBXFileReference; lastKnownFileType = folder.assetcatalog; path = Assets.xcassets; sourceTree = "<group>"; };
		BEA64AE41F84B24D00E7D48F /* Base */ = {isa = PBXFileReference; lastKnownFileType = file.storyboard; name = Base; path = Base.lproj/LaunchScreen.storyboard; sourceTree = "<group>"; };
		BEA64AE61F84B24D00E7D48F /* Info.plist */ = {isa = PBXFileReference; lastKnownFileType = text.plist.xml; path = Info.plist; sourceTree = "<group>"; };
		BEA64AEE1F89FD7500E7D48F /* PlaneNode.swift */ = {isa = PBXFileReference; lastKnownFileType = sourcecode.swift; path = PlaneNode.swift; sourceTree = "<group>"; };
/* End PBXFileReference section */

/* Begin PBXFrameworksBuildPhase section */
		BEA64AD21F84B24D00E7D48F /* Frameworks */ = {
			isa = PBXFrameworksBuildPhase;
			buildActionMask = 2147483647;
			files = (
			);
			runOnlyForDeploymentPostprocessing = 0;
		};
/* End PBXFrameworksBuildPhase section */

/* Begin PBXGroup section */
		BEA64ACC1F84B24D00E7D48F = {
			isa = PBXGroup;
			children = (
				BEA64AD71F84B24D00E7D48F /* monkey */,
				BEA64AD61F84B24D00E7D48F /* Products */,
			);
			sourceTree = "<group>";
		};
		BEA64AD61F84B24D00E7D48F /* Products */ = {
			isa = PBXGroup;
			children = (
				BEA64AD51F84B24D00E7D48F /* monkey.app */,
			);
			name = Products;
			sourceTree = "<group>";
		};
		BEA64AD71F84B24D00E7D48F /* monkey */ = {
			isa = PBXGroup;
			children = (
				BEA64AD81F84B24D00E7D48F /* AppDelegate.swift */,
				BEA64ADA1F84B24D00E7D48F /* art.scnassets */,
				BEA64ADC1F84B24D00E7D48F /* ViewController.swift */,
				BEA64AEE1F89FD7500E7D48F /* PlaneNode.swift */,
				BEA64ADE1F84B24D00E7D48F /* Main.storyboard */,
				BEA64AE11F84B24D00E7D48F /* Assets.xcassets */,
				BEA64AE31F84B24D00E7D48F /* LaunchScreen.storyboard */,
				BEA64AE61F84B24D00E7D48F /* Info.plist */,
			);
			path = monkey;
			sourceTree = "<group>";
		};
/* End PBXGroup section */

/* Begin PBXNativeTarget section */
		BEA64AD41F84B24D00E7D48F /* monkey */ = {
			isa = PBXNativeTarget;
			buildConfigurationList = BEA64AE91F84B24D00E7D48F /* Build configuration list for PBXNativeTarget "monkey" */;
			buildPhases = (
				BEA64AD11F84B24D00E7D48F /* Sources */,
				BEA64AD21F84B24D00E7D48F /* Frameworks */,
				BEA64AD31F84B24D00E7D48F /* Resources */,
			);
			buildRules = (
			);
			dependencies = (
			);
			name = monkey;
			productName = monkey;
			productReference = BEA64AD51F84B24D00E7D48F /* monkey.app */;
			productType = "com.apple.product-type.application";
		};
/* End PBXNativeTarget section */

/* Begin PBXProject section */
		BEA64ACD1F84B24D00E7D48F /* Project object */ = {
			isa = PBXProject;
			attributes = {
				LastSwiftUpdateCheck = 0900;
				LastUpgradeCheck = 0900;
				ORGANIZATIONNAME = "Risa KAKAZU";
				TargetAttributes = {
					BEA64AD41F84B24D00E7D48F = {
						CreatedOnToolsVersion = 9.0;
						ProvisioningStyle = Automatic;
					};
				};
			};
			buildConfigurationList = BEA64AD01F84B24D00E7D48F /* Build configuration list for PBXProject "monkey" */;
			compatibilityVersion = "Xcode 8.0";
			developmentRegion = en;
			hasScannedForEncodings = 0;
			knownRegions = (
				en,
				Base,
			);
			mainGroup = BEA64ACC1F84B24D00E7D48F;
			productRefGroup = BEA64AD61F84B24D00E7D48F /* Products */;
			projectDirPath = "";
			projectRoot = "";
			targets = (
				BEA64AD41F84B24D00E7D48F /* monkey */,
			);
		};
/* End PBXProject section */

/* Begin PBXResourcesBuildPhase section */
		BEA64AD31F84B24D00E7D48F /* Resources */ = {
			isa = PBXResourcesBuildPhase;
			buildActionMask = 2147483647;
			files = (
				BEA64ADB1F84B24D00E7D48F /* art.scnassets in Resources */,
				BEA64AE51F84B24D00E7D48F /* LaunchScreen.storyboard in Resources */,
				BEA64AE21F84B24D00E7D48F /* Assets.xcassets in Resources */,
				BEA64AE01F84B24D00E7D48F /* Main.storyboard in Resources */,
			);
			runOnlyForDeploymentPostprocessing = 0;
		};
/* End PBXResourcesBuildPhase section */

/* Begin PBXSourcesBuildPhase section */
		BEA64AD11F84B24D00E7D48F /* Sources */ = {
			isa = PBXSourcesBuildPhase;
			buildActionMask = 2147483647;
			files = (
				BEA64ADD1F84B24D00E7D48F /* ViewController.swift in Sources */,
				BEA64AEF1F89FD7500E7D48F /* PlaneNode.swift in Sources */,
				BEA64AD91F84B24D00E7D48F /* AppDelegate.swift in Sources */,
			);
			runOnlyForDeploymentPostprocessing = 0;
		};
/* End PBXSourcesBuildPhase section */

/* Begin PBXVariantGroup section */
		BEA64ADE1F84B24D00E7D48F /* Main.storyboard */ = {
			isa = PBXVariantGroup;
			children = (
				BEA64ADF1F84B24D00E7D48F /* Base */,
			);
			name = Main.storyboard;
			sourceTree = "<group>";
		};
		BEA64AE31F84B24D00E7D48F /* LaunchScreen.storyboard */ = {
			isa = PBXVariantGroup;
			children = (
				BEA64AE41F84B24D00E7D48F /* Base */,
			);
			name = LaunchScreen.storyboard;
			sourceTree = "<group>";
		};
/* End PBXVariantGroup section */

/* Begin XCBuildConfiguration section */
		BEA64AE71F84B24D00E7D48F /* Debug */ = {
			isa = XCBuildConfiguration;
			buildSettings = {
				ALWAYS_SEARCH_USER_PATHS = NO;
				CLANG_ANALYZER_NONNULL = YES;
				CLANG_ANALYZER_NUMBER_OBJECT_CONVERSION = YES_AGGRESSIVE;
				CLANG_CXX_LANGUAGE_STANDARD = "gnu++14";
				CLANG_CXX_LIBRARY = "libc++";
				CLANG_ENABLE_MODULES = YES;
				CLANG_ENABLE_OBJC_ARC = YES;
				CLANG_WARN_BLOCK_CAPTURE_AUTORELEASING = YES;
				CLANG_WARN_BOOL_CONVERSION = YES;
				CLANG_WARN_COMMA = YES;
				CLANG_WARN_CONSTANT_CONVERSION = YES;
				CLANG_WARN_DIRECT_OBJC_ISA_USAGE = YES_ERROR;
				CLANG_WARN_DOCUMENTATION_COMMENTS = YES;
				CLANG_WARN_EMPTY_BODY = YES;
				CLANG_WARN_ENUM_CONVERSION = YES;
				CLANG_WARN_INFINITE_RECURSION = YES;
				CLANG_WARN_INT_CONVERSION = YES;
				CLANG_WARN_NON_LITERAL_NULL_CONVERSION = YES;
				CLANG_WARN_OBJC_LITERAL_CONVERSION = YES;
				CLANG_WARN_OBJC_ROOT_CLASS = YES_ERROR;
				CLANG_WARN_RANGE_LOOP_ANALYSIS = YES;
				CLANG_WARN_STRICT_PROTOTYPES = YES;
				CLANG_WARN_SUSPICIOUS_MOVE = YES;
				CLANG_WARN_UNGUARDED_AVAILABILITY = YES_AGGRESSIVE;
				CLANG_WARN_UNREACHABLE_CODE = YES;
				CLANG_WARN__DUPLICATE_METHOD_MATCH = YES;
				CODE_SIGN_IDENTITY = "iPhone Developer";
				COPY_PHASE_STRIP = NO;
				DEBUG_INFORMATION_FORMAT = dwarf;
				ENABLE_STRICT_OBJC_MSGSEND = YES;
				ENABLE_TESTABILITY = YES;
				GCC_C_LANGUAGE_STANDARD = gnu11;
				GCC_DYNAMIC_NO_PIC = NO;
				GCC_NO_COMMON_BLOCKS = YES;
				GCC_OPTIMIZATION_LEVEL = 0;
				GCC_PREPROCESSOR_DEFINITIONS = (
					"DEBUG=1",
					"$(inherited)",
				);
				GCC_WARN_64_TO_32_BIT_CONVERSION = YES;
				GCC_WARN_ABOUT_RETURN_TYPE = YES_ERROR;
				GCC_WARN_UNDECLARED_SELECTOR = YES;
				GCC_WARN_UNINITIALIZED_AUTOS = YES_AGGRESSIVE;
				GCC_WARN_UNUSED_FUNCTION = YES;
				GCC_WARN_UNUSED_VARIABLE = YES;
				IPHONEOS_DEPLOYMENT_TARGET = 11.0;
				MTL_ENABLE_DEBUG_INFO = YES;
				ONLY_ACTIVE_ARCH = YES;
				SDKROOT = iphoneos;
				SWIFT_ACTIVE_COMPILATION_CONDITIONS = DEBUG;
				SWIFT_OPTIMIZATION_LEVEL = "-Onone";
			};
			name = Debug;
		};
		BEA64AE81F84B24D00E7D48F /* Release */ = {
			isa = XCBuildConfiguration;
			buildSettings = {
				ALWAYS_SEARCH_USER_PATHS = NO;
				CLANG_ANALYZER_NONNULL = YES;
				CLANG_ANALYZER_NUMBER_OBJECT_CONVERSION = YES_AGGRESSIVE;
				CLANG_CXX_LANGUAGE_STANDARD = "gnu++14";
				CLANG_CXX_LIBRARY = "libc++";
				CLANG_ENABLE_MODULES = YES;
				CLANG_ENABLE_OBJC_ARC = YES;
				CLANG_WARN_BLOCK_CAPTURE_AUTORELEASING = YES;
				CLANG_WARN_BOOL_CONVERSION = YES;
				CLANG_WARN_COMMA = YES;
				CLANG_WARN_CONSTANT_CONVERSION = YES;
				CLANG_WARN_DIRECT_OBJC_ISA_USAGE = YES_ERROR;
				CLANG_WARN_DOCUMENTATION_COMMENTS = YES;
				CLANG_WARN_EMPTY_BODY = YES;
				CLANG_WARN_ENUM_CONVERSION = YES;
				CLANG_WARN_INFINITE_RECURSION = YES;
				CLANG_WARN_INT_CONVERSION = YES;
				CLANG_WARN_NON_LITERAL_NULL_CONVERSION = YES;
				CLANG_WARN_OBJC_LITERAL_CONVERSION = YES;
				CLANG_WARN_OBJC_ROOT_CLASS = YES_ERROR;
				CLANG_WARN_RANGE_LOOP_ANALYSIS = YES;
				CLANG_WARN_STRICT_PROTOTYPES = YES;
				CLANG_WARN_SUSPICIOUS_MOVE = YES;
				CLANG_WARN_UNGUARDED_AVAILABILITY = YES_AGGRESSIVE;
				CLANG_WARN_UNREACHABLE_CODE = YES;
				CLANG_WARN__DUPLICATE_METHOD_MATCH = YES;
				CODE_SIGN_IDENTITY = "iPhone Developer";
				COPY_PHASE_STRIP = NO;
				DEBUG_INFORMATION_FORMAT = "dwarf-with-dsym";
				ENABLE_NS_ASSERTIONS = NO;
				ENABLE_STRICT_OBJC_MSGSEND = YES;
				GCC_C_LANGUAGE_STANDARD = gnu11;
				GCC_NO_COMMON_BLOCKS = YES;
				GCC_WARN_64_TO_32_BIT_CONVERSION = YES;
				GCC_WARN_ABOUT_RETURN_TYPE = YES_ERROR;
				GCC_WARN_UNDECLARED_SELECTOR = YES;
				GCC_WARN_UNINITIALIZED_AUTOS = YES_AGGRESSIVE;
				GCC_WARN_UNUSED_FUNCTION = YES;
				GCC_WARN_UNUSED_VARIABLE = YES;
				IPHONEOS_DEPLOYMENT_TARGET = 11.0;
				MTL_ENABLE_DEBUG_INFO = NO;
				SDKROOT = iphoneos;
				SWIFT_OPTIMIZATION_LEVEL = "-Owholemodule";
				VALIDATE_PRODUCT = YES;
			};
			name = Release;
		};
		BEA64AEA1F84B24D00E7D48F /* Debug */ = {
			isa = XCBuildConfiguration;
			buildSettings = {
				ASSETCATALOG_COMPILER_APPICON_NAME = AppIcon;
				CODE_SIGN_STYLE = Automatic;
				DEVELOPMENT_TEAM = SZE3M6J2G8;
				INFOPLIST_FILE = monkey/Info.plist;
				LD_RUNPATH_SEARCH_PATHS = "$(inherited) @executable_path/Frameworks";
				PRODUCT_BUNDLE_IDENTIFIER = risarisa;
				PRODUCT_NAME = "$(TARGET_NAME)";
				SWIFT_VERSION = 4.0;
				TARGETED_DEVICE_FAMILY = "1,2";
			};
			name = Debug;
		};
		BEA64AEB1F84B24D00E7D48F /* Release */ = {
			isa = XCBuildConfiguration;
			buildSettings = {
				ASSETCATALOG_COMPILER_APPICON_NAME = AppIcon;
				CODE_SIGN_STYLE = Automatic;
				DEVELOPMENT_TEAM = SZE3M6J2G8;
				INFOPLIST_FILE = monkey/Info.plist;
				LD_RUNPATH_SEARCH_PATHS = "$(inherited) @executable_path/Frameworks";
				PRODUCT_BUNDLE_IDENTIFIER = risarisa;
				PRODUCT_NAME = "$(TARGET_NAME)";
				SWIFT_VERSION = 4.0;
				TARGETED_DEVICE_FAMILY = "1,2";
			};
			name = Release;
		};
/* End XCBuildConfiguration section */

/* Begin XCConfigurationList section */
		BEA64AD01F84B24D00E7D48F /* Build configuration list for PBXProject "monkey" */ = {
			isa = XCConfigurationList;
			buildConfigurations = (
				BEA64AE71F84B24D00E7D48F /* Debug */,
				BEA64AE81F84B24D00E7D48F /* Release */,
			);
			defaultConfigurationIsVisible = 0;
			defaultConfigurationName = Release;
		};
		BEA64AE91F84B24D00E7D48F /* Build configuration list for PBXNativeTarget "monkey" */ = {
			isa = XCConfigurationList;
			buildConfigurations = (
				BEA64AEA1F84B24D00E7D48F /* Debug */,
				BEA64AEB1F84B24D00E7D48F /* Release */,
			);
			defaultConfigurationIsVisible = 0;
			defaultConfigurationName = Release;
		};
/* End XCConfigurationList section */
	};
	rootObject = BEA64ACD1F84B24D00E7D48F /* Project object */;
}
